<?xml version="1.0" encoding="utf-8"?>
<Project ToolsVersion="4.0" xmlns="http://schemas.microsoft.com/developer/msbuild/2003">
  <ItemGroup>
    <ClCompile Include="dllmain.cpp" />
    <ClCompile Include="src\Animation\KAnimation.cpp" />
    <ClCompile Include="src\Components\KCAnimatedSprite.cpp" />
    <ClCompile Include="src\Components\KCRenderableBase.cpp" />
    <ClCompile Include="src\Components\KCTileMap.cpp" />
    <ClCompile Include="src\Tiled\KTiledImport.cpp" />
    <ClCompile Include="src\Maths\KOrientation.cpp" />
    <ClCompile Include="src\Components\KCollisions.cpp" />
    <ClCompile Include="src\Components\KCOrientedBoxCollider.cpp" />
    <ClCompile Include="src\Components\KCCircleCollider.cpp" />
    <ClCompile Include="src\Components\KCColliderBase.cpp" />
    <ClCompile Include="src\Physics\KPhysicsWorld.cpp" />
    <ClCompile Include="src\AssetLoader\KAssetLoader.cpp" />
    <ClCompile Include="src\Components\KCBoxCollider.cpp" />
    <ClCompile Include="src\Components\KCPhysicsBody.cpp" />
    <ClCompile Include="src\Components\KCSprite.cpp" />
    <ClCompile Include="src\KComponent.cpp" />
    <ClCompile Include="src\KEntity.cpp" />
    <ClCompile Include="src\GameObject\KGameObject.cpp" />
    <ClCompile Include="src\Input\KInput.cpp" />
    <ClCompile Include="src\KApplication.cpp" />
    <ClCompile Include="src\Krawler.cpp" />
    <ClCompile Include="src\Components\KCTransform.cpp" />
    <ClCompile Include="src\KScene.cpp" />
    <ClCompile Include="src\Renderer\KRenderer.cpp" />
    <ClCompile Include="src\Utilities\KDebug.cpp" />
    <ClCompile Include="src\Utilities\KEngineMacros.cpp" />
    <ClCompile Include="src\Utilities\KQuadtree.cpp" />
    <ClCompile Include="include\imgui\imgui.cpp" />
    <ClCompile Include="include\imgui\imgui_draw.cpp" />
    <ClCompile Include="include\imgui\imgui_widgets.cpp" />
    <ClCompile Include="include\imgui\imgui-SFML.cpp" />
    <ClCompile Include="include\imgui\misc\cpp\imgui_stdlib.cpp" />
  </ItemGroup>
  <ItemGroup>
    <ClInclude Include="include\AssetLoader\KAssetLoader.h" />
    <ClInclude Include="include\Components\KCAnimatedSprite.h" />
    <ClInclude Include="include\Components\KCBoxCollider.h" />
    <ClInclude Include="include\Components\KCCircleCollider.h" />
    <ClInclude Include="include\Components\KCColliderBase.h" />
    <ClInclude Include="include\Components\KCollisions.h" />
    <ClInclude Include="include\Components\KCOrientedBoxCollider.h" />
    <ClInclude Include="include\Components\KCPhysicsBody.h" />
    <ClInclude Include="include\Components\KCRenderableBase.h" />
    <ClInclude Include="include\Components\KCSprite.h" />
    <ClInclude Include="include\Animation\KAnimation.h" />
    <ClInclude Include="include\Components\KCTileMap.h" />
    <ClInclude Include="include\JSON\json.hpp" />
    <ClInclude Include="include\KComponent.h" />
    <ClInclude Include="include\KEntity.h" />
    <ClInclude Include="include\GameObject\KGameObject.h" />
    <ClInclude Include="include\KApplication.h" />
    <ClInclude Include="include\Input\KInput.h" />
    <ClInclude Include="include\Krawler.h" />
    <ClInclude Include="include\Components\KCTransform.h" />
    <ClInclude Include="include\KrawlerLib.h" />
    <ClInclude Include="include\KScene.h" />
    <ClInclude Include="include\Maths\KMaths.hpp" />
    <ClInclude Include="include\Maths\KMathsUtilities.h" />
    <ClInclude Include="include\Maths\KMathVector.h" />
    <ClInclude Include="include\Maths\KOrientation.h" />
    <ClInclude Include="include\Physics\KPhysicsStructs.h" />
    <ClInclude Include="include\Physics\KPhysicsWorld.h" />
    <ClInclude Include="include\Renderer\KRenderer.h" />
    <ClInclude Include="include\Tiled\KTiledImport.h" />
    <ClInclude Include="include\Utilities\KDebug.h" />
    <ClInclude Include="include\Utilities\KEngineMacros.h" />
    <ClInclude Include="include\Utilities\KQuadtree.h" />
    <ClInclude Include="rapidxml\rapidxml.hpp" />
    <ClInclude Include="rapidxml\rapidxml_iterators.hpp" />
    <ClInclude Include="rapidxml\rapidxml_print.hpp" />
    <ClInclude Include="rapidxml\rapidxml_utils.hpp" />
    <ClInclude Include="include\imgui\imgui-SFML.h" />
    <ClInclude Include="include\imgui\imgui.h" />
    <ClInclude Include="include\imgui\imconfig.h" />
    <ClInclude Include="include\imgui\imstb_rectpack.h" />
    <ClInclude Include="include\imgui\imstb_textedit.h" />
    <ClInclude Include="include\imgui\imstb_truetype.h" />
    <ClInclude Include="include\imgui\imgui_internal.h" />
    <ClInclude Include="include\imgui\misc\cpp\imgui_stdlib.h" />
  </ItemGroup>
  <ItemGroup>
    <None Include="include\Maths\KMathsUtilities.inl" />
    <None Include="include\Maths\KMathVector.inl" />
  </ItemGroup>
</Project>